// !$*UTF8*$!
{
	archiveVersion = 1;
	classes = {
	};
	objectVersion = 55;
	objects = {

/* Begin PBXBuildFile section */
		0ED30E09FEA2395EC9AE0002 /* TuistBundle+QDS.swift in Sources */ = {isa = PBXBuildFile; fileRef = FF02CC1EDA2601AB0FFE2DE8 /* TuistBundle+QDS.swift */; };
		30526F292CE7C5A3B6270258 /* Font+Ext.swift in Sources */ = {isa = PBXBuildFile; fileRef = 44888ED5A1B5C52F29BC5FB0 /* Font+Ext.swift */; };
		35CEA06DFD147712FB52615C /* Semantic.swift in Sources */ = {isa = PBXBuildFile; fileRef = 455E6FDBCB93EE10E91EF1F6 /* Semantic.swift */; };
		4522AFE00F293B256F73F8B7 /* Image.xcassets in Resources */ = {isa = PBXBuildFile; fileRef = DA2925CA30E6E8AC71F96C25 /* Image.xcassets */; };
		4DEC2D14B00D0DD4D2A4BAF1 /* Image+Ext.swift in Sources */ = {isa = PBXBuildFile; fileRef = 4B07CFFAF89465FFB2797DDA /* Image+Ext.swift */; };
		74AE8892BCEEFFB1600EDB63 /* Pretendard.swift in Sources */ = {isa = PBXBuildFile; fileRef = BC2A956BD71DF6C14B8BCD7D /* Pretendard.swift */; };
		773C8B573B70EA270E3129B5 /* Pallete.swift in Sources */ = {isa = PBXBuildFile; fileRef = 4D132EB48A4D3282F52B8CB9 /* Pallete.swift */; };
		776C9E4AFCB629A781629E40 /* QvickButton.swift in Sources */ = {isa = PBXBuildFile; fileRef = D2E19E2CF53FC0304CEB4914 /* QvickButton.swift */; };
		85B69A2FA528E5D7757C4AB0 /* QvickTextField.swift in Sources */ = {isa = PBXBuildFile; fileRef = AD8D2F0C1BA7493D286D9A9C /* QvickTextField.swift */; };
		872CD27824E15B914479CBCF /* QvickFont+Ext.swift in Sources */ = {isa = PBXBuildFile; fileRef = B6A31EA07726C78704B8CFBB /* QvickFont+Ext.swift */; };
		889C0A4A686D49240F54656B /* ChevronButton.swift in Sources */ = {isa = PBXBuildFile; fileRef = A1401537C445360EAAA5888D /* ChevronButton.swift */; };
		9E0B3728B2EFBA0C877D67FA /* Color+Ext.swift in Sources */ = {isa = PBXBuildFile; fileRef = 8DFE51A682DE5890597576A8 /* Color+Ext.swift */; };
		AF678C74B41719144A6EAE74 /* QvickImage.swift in Sources */ = {isa = PBXBuildFile; fileRef = 5ED5FF49DABD34B2B38ACE62 /* QvickImage.swift */; };
		B2EF5A534C1806C64595A31A /* QvickTextStyle.swift in Sources */ = {isa = PBXBuildFile; fileRef = D3D0A8BA5451BEA86364DA33 /* QvickTextStyle.swift */; };
		BF5412E8C6E9441E36CECFC3 /* QvickTabItem.swift in Sources */ = {isa = PBXBuildFile; fileRef = A0E6C6EFD6207902DD5EA920 /* QvickTabItem.swift */; };
		C5A5E7EA75880516623311DB /* QvickTextStyle+Ext.swift in Sources */ = {isa = PBXBuildFile; fileRef = DF81D88E677E3DD8580C6B80 /* QvickTextStyle+Ext.swift */; };
		CD54F0B5F722A3EE9CA07C26 /* Pretendard+Ext.swift in Sources */ = {isa = PBXBuildFile; fileRef = DF72DC33ECCD0EFB883A104A /* Pretendard+Ext.swift */; };
		E6B7254C4C05CA4A809A44CD /* Pretendard.xcassets in Resources */ = {isa = PBXBuildFile; fileRef = 3944C3C92612C6C97BC21683 /* Pretendard.xcassets */; };
		EAB01E7EB755187CA89EF4C9 /* QvickTabView.swift in Sources */ = {isa = PBXBuildFile; fileRef = 5B9D1D8D68F1A2E7A7702047 /* QvickTabView.swift */; };
/* End PBXBuildFile section */

/* Begin PBXContainerItemProxy section */
		C317F060533A073A4BC822A7 /* PBXContainerItemProxy */ = {
			isa = PBXContainerItemProxy;
			containerPortal = 5DC772A31FDC5710588774EB /* Project object */;
			proxyType = 1;
			remoteGlobalIDString = D38DA9A2A3A97AB011B8BC7F;
			remoteInfo = QDS_QDS;
		};
/* End PBXContainerItemProxy section */

/* Begin PBXCopyFilesBuildPhase section */
		2087E50EEB92E11D2FEB730D /* Embed Frameworks */ = {
			isa = PBXCopyFilesBuildPhase;
			buildActionMask = 2147483647;
			dstPath = "";
			dstSubfolderSpec = 10;
			files = (
			);
			name = "Embed Frameworks";
			runOnlyForDeploymentPostprocessing = 0;
		};
		6947A9C24F1C2ED047435724 /* Embed Frameworks */ = {
			isa = PBXCopyFilesBuildPhase;
			buildActionMask = 2147483647;
			dstPath = "";
			dstSubfolderSpec = 10;
			files = (
			);
			name = "Embed Frameworks";
			runOnlyForDeploymentPostprocessing = 0;
		};
/* End PBXCopyFilesBuildPhase section */

/* Begin PBXFileReference section */
		060FD55AC77C55D7E5A984C5 /* QDS-Info.plist */ = {isa = PBXFileReference; lastKnownFileType = text.plist; path = "QDS-Info.plist"; sourceTree = "<group>"; };
		2839D135338B49ECEB989805 /* QDS_QDS.bundle */ = {isa = PBXFileReference; explicitFileType = wrapper.cfbundle; includeInIndex = 0; path = QDS_QDS.bundle; sourceTree = BUILT_PRODUCTS_DIR; };
		3944C3C92612C6C97BC21683 /* Pretendard.xcassets */ = {isa = PBXFileReference; lastKnownFileType = folder.assetcatalog; path = Pretendard.xcassets; sourceTree = "<group>"; };
		44888ED5A1B5C52F29BC5FB0 /* Font+Ext.swift */ = {isa = PBXFileReference; lastKnownFileType = sourcecode.swift; path = "Font+Ext.swift"; sourceTree = "<group>"; };
		455E6FDBCB93EE10E91EF1F6 /* Semantic.swift */ = {isa = PBXFileReference; lastKnownFileType = sourcecode.swift; path = Semantic.swift; sourceTree = "<group>"; };
		4B07CFFAF89465FFB2797DDA /* Image+Ext.swift */ = {isa = PBXFileReference; lastKnownFileType = sourcecode.swift; path = "Image+Ext.swift"; sourceTree = "<group>"; };
		4D132EB48A4D3282F52B8CB9 /* Pallete.swift */ = {isa = PBXFileReference; lastKnownFileType = sourcecode.swift; path = Pallete.swift; sourceTree = "<group>"; };
		5B9D1D8D68F1A2E7A7702047 /* QvickTabView.swift */ = {isa = PBXFileReference; lastKnownFileType = sourcecode.swift; path = QvickTabView.swift; sourceTree = "<group>"; };
		5ED5FF49DABD34B2B38ACE62 /* QvickImage.swift */ = {isa = PBXFileReference; lastKnownFileType = sourcecode.swift; path = QvickImage.swift; sourceTree = "<group>"; };
		7FDD66CDD2085A22DD2B3AA6 /* QDS_QDS-Info.plist */ = {isa = PBXFileReference; lastKnownFileType = text.plist; path = "QDS_QDS-Info.plist"; sourceTree = "<group>"; };
		8DFE51A682DE5890597576A8 /* Color+Ext.swift */ = {isa = PBXFileReference; lastKnownFileType = sourcecode.swift; path = "Color+Ext.swift"; sourceTree = "<group>"; };
		A0E6C6EFD6207902DD5EA920 /* QvickTabItem.swift */ = {isa = PBXFileReference; lastKnownFileType = sourcecode.swift; path = QvickTabItem.swift; sourceTree = "<group>"; };
		A1401537C445360EAAA5888D /* ChevronButton.swift */ = {isa = PBXFileReference; lastKnownFileType = sourcecode.swift; path = ChevronButton.swift; sourceTree = "<group>"; };
		AD8D2F0C1BA7493D286D9A9C /* QvickTextField.swift */ = {isa = PBXFileReference; lastKnownFileType = sourcecode.swift; path = QvickTextField.swift; sourceTree = "<group>"; };
		B6A31EA07726C78704B8CFBB /* QvickFont+Ext.swift */ = {isa = PBXFileReference; lastKnownFileType = sourcecode.swift; path = "QvickFont+Ext.swift"; sourceTree = "<group>"; };
		BC2A956BD71DF6C14B8BCD7D /* Pretendard.swift */ = {isa = PBXFileReference; lastKnownFileType = sourcecode.swift; path = Pretendard.swift; sourceTree = "<group>"; };
		D2E19E2CF53FC0304CEB4914 /* QvickButton.swift */ = {isa = PBXFileReference; lastKnownFileType = sourcecode.swift; path = QvickButton.swift; sourceTree = "<group>"; };
		D3D0A8BA5451BEA86364DA33 /* QvickTextStyle.swift */ = {isa = PBXFileReference; lastKnownFileType = sourcecode.swift; path = QvickTextStyle.swift; sourceTree = "<group>"; };
		DA2925CA30E6E8AC71F96C25 /* Image.xcassets */ = {isa = PBXFileReference; lastKnownFileType = folder.assetcatalog; path = Image.xcassets; sourceTree = "<group>"; };
		DF72DC33ECCD0EFB883A104A /* Pretendard+Ext.swift */ = {isa = PBXFileReference; lastKnownFileType = sourcecode.swift; path = "Pretendard+Ext.swift"; sourceTree = "<group>"; };
		DF81D88E677E3DD8580C6B80 /* QvickTextStyle+Ext.swift */ = {isa = PBXFileReference; lastKnownFileType = sourcecode.swift; path = "QvickTextStyle+Ext.swift"; sourceTree = "<group>"; };
		E627153DB20DADCCF2DE6F66 /* QDS.framework */ = {isa = PBXFileReference; explicitFileType = wrapper.framework; includeInIndex = 0; path = QDS.framework; sourceTree = BUILT_PRODUCTS_DIR; };
		FF02CC1EDA2601AB0FFE2DE8 /* TuistBundle+QDS.swift */ = {isa = PBXFileReference; lastKnownFileType = sourcecode.swift; path = "TuistBundle+QDS.swift"; sourceTree = "<group>"; };
/* End PBXFileReference section */

/* Begin PBXFrameworksBuildPhase section */
		8E92E76795E51814C602BF9B /* Frameworks */ = {
			isa = PBXFrameworksBuildPhase;
			buildActionMask = 2147483647;
			files = (
			);
			runOnlyForDeploymentPostprocessing = 0;
		};
		E65E81A699C50C3DA504F22F /* Frameworks */ = {
			isa = PBXFrameworksBuildPhase;
			buildActionMask = 2147483647;
			files = (
			);
			runOnlyForDeploymentPostprocessing = 0;
		};
/* End PBXFrameworksBuildPhase section */

/* Begin PBXGroup section */
		0B31824C6E2BA7B4BF8686AF /* Derived */ = {
			isa = PBXGroup;
			children = (
				1FE6B46D018B3C50B7D99BC4 /* InfoPlists */,
				8849ED00A14084FEA7FEDD70 /* Sources */,
			);
			path = Derived;
			sourceTree = "<group>";
		};
		1FE6B46D018B3C50B7D99BC4 /* InfoPlists */ = {
			isa = PBXGroup;
			children = (
				7FDD66CDD2085A22DD2B3AA6 /* QDS_QDS-Info.plist */,
				060FD55AC77C55D7E5A984C5 /* QDS-Info.plist */,
			);
			path = InfoPlists;
			sourceTree = "<group>";
		};
		26570F80F70D4F5228BE7553 /* Font */ = {
			isa = PBXGroup;
			children = (
				3944C3C92612C6C97BC21683 /* Pretendard.xcassets */,
			);
			path = Font;
			sourceTree = "<group>";
		};
		43229EAA429CB39D7224AD9E /* Foundation */ = {
			isa = PBXGroup;
			children = (
				892E60959D3EE04688E2C8C1 /* Color */,
				DB030BB8E5070DB1778C2A1C /* Image */,
				7989772BD1386596489E11A3 /* Typography */,
			);
			path = Foundation;
			sourceTree = "<group>";
		};
		44CBAEFDD0A594AC5C377FE9 /* QDS */ = {
			isa = PBXGroup;
			children = (
				E7084A1E4D08D3D33BDD25C2 /* Component */,
				43229EAA429CB39D7224AD9E /* Foundation */,
				97401239975484DAEC715256 /* Resources */,
			);
			path = QDS;
			sourceTree = "<group>";
		};
		4C541A10C6118CCC36F5FADE /* Products */ = {
			isa = PBXGroup;
			children = (
				2839D135338B49ECEB989805 /* QDS_QDS.bundle */,
				E627153DB20DADCCF2DE6F66 /* QDS.framework */,
			);
			name = Products;
			sourceTree = "<group>";
		};
		550DCF821B9B15B53B147FAC /* TabView */ = {
			isa = PBXGroup;
			children = (
				A0E6C6EFD6207902DD5EA920 /* QvickTabItem.swift */,
				5B9D1D8D68F1A2E7A7702047 /* QvickTabView.swift */,
			);
			path = TabView;
			sourceTree = "<group>";
		};
		70D8572E2801010D2E684CBA /* Project */ = {
			isa = PBXGroup;
			children = (
				0B31824C6E2BA7B4BF8686AF /* Derived */,
				7D1DB3A062ECB4FC07724A42 /* Sources */,
			);
			name = Project;
			sourceTree = "<group>";
		};
		7989772BD1386596489E11A3 /* Typography */ = {
			isa = PBXGroup;
			children = (
				44888ED5A1B5C52F29BC5FB0 /* Font+Ext.swift */,
				BC2A956BD71DF6C14B8BCD7D /* Pretendard.swift */,
				DF72DC33ECCD0EFB883A104A /* Pretendard+Ext.swift */,
				B6A31EA07726C78704B8CFBB /* QvickFont+Ext.swift */,
				D3D0A8BA5451BEA86364DA33 /* QvickTextStyle.swift */,
				DF81D88E677E3DD8580C6B80 /* QvickTextStyle+Ext.swift */,
			);
			path = Typography;
			sourceTree = "<group>";
		};
		7D1DB3A062ECB4FC07724A42 /* Sources */ = {
			isa = PBXGroup;
			children = (
				44CBAEFDD0A594AC5C377FE9 /* QDS */,
			);
			path = Sources;
			sourceTree = "<group>";
		};
		8849ED00A14084FEA7FEDD70 /* Sources */ = {
			isa = PBXGroup;
			children = (
				FF02CC1EDA2601AB0FFE2DE8 /* TuistBundle+QDS.swift */,
			);
			path = Sources;
			sourceTree = "<group>";
		};
		892E60959D3EE04688E2C8C1 /* Color */ = {
			isa = PBXGroup;
			children = (
				8DFE51A682DE5890597576A8 /* Color+Ext.swift */,
				4D132EB48A4D3282F52B8CB9 /* Pallete.swift */,
				455E6FDBCB93EE10E91EF1F6 /* Semantic.swift */,
			);
			path = Color;
			sourceTree = "<group>";
		};
		97401239975484DAEC715256 /* Resources */ = {
			isa = PBXGroup;
			children = (
				26570F80F70D4F5228BE7553 /* Font */,
				D9A035B050028C66FD4F6819 /* Image */,
			);
			path = Resources;
			sourceTree = "<group>";
		};
		A8662D103A38247135E097C9 /* TextField */ = {
			isa = PBXGroup;
			children = (
				AD8D2F0C1BA7493D286D9A9C /* QvickTextField.swift */,
			);
			path = TextField;
			sourceTree = "<group>";
		};
		C96EDCEF072E21B7D8B5C9E7 /* Button */ = {
			isa = PBXGroup;
			children = (
				A1401537C445360EAAA5888D /* ChevronButton.swift */,
				D2E19E2CF53FC0304CEB4914 /* QvickButton.swift */,
			);
			path = Button;
			sourceTree = "<group>";
		};
		D9A035B050028C66FD4F6819 /* Image */ = {
			isa = PBXGroup;
			children = (
				DA2925CA30E6E8AC71F96C25 /* Image.xcassets */,
			);
			path = Image;
			sourceTree = "<group>";
		};
		DB030BB8E5070DB1778C2A1C /* Image */ = {
			isa = PBXGroup;
			children = (
				4B07CFFAF89465FFB2797DDA /* Image+Ext.swift */,
				5ED5FF49DABD34B2B38ACE62 /* QvickImage.swift */,
			);
			path = Image;
			sourceTree = "<group>";
		};
		E7084A1E4D08D3D33BDD25C2 /* Component */ = {
			isa = PBXGroup;
			children = (
				C96EDCEF072E21B7D8B5C9E7 /* Button */,
				550DCF821B9B15B53B147FAC /* TabView */,
				A8662D103A38247135E097C9 /* TextField */,
			);
			path = Component;
			sourceTree = "<group>";
		};
		EEA0422FB443A90E35A78E14 = {
			isa = PBXGroup;
			children = (
				70D8572E2801010D2E684CBA /* Project */,
				4C541A10C6118CCC36F5FADE /* Products */,
			);
			sourceTree = "<group>";
		};
/* End PBXGroup section */

/* Begin PBXNativeTarget section */
		9EF877D0EEDC8E1528AED1CC /* QDS */ = {
			isa = PBXNativeTarget;
			buildConfigurationList = 0F49D699FB193518EC934254 /* Build configuration list for PBXNativeTarget "QDS" */;
			buildPhases = (
				1B38091C4D1201BE32313B23 /* Sources */,
				B38DC8A3929A5EE7A42BDE06 /* Resources */,
				E65E81A699C50C3DA504F22F /* Frameworks */,
				2087E50EEB92E11D2FEB730D /* Embed Frameworks */,
			);
			buildRules = (
			);
			dependencies = (
				64C2EE68321060A3BB793A76 /* PBXTargetDependency */,
			);
			name = QDS;
			packageProductDependencies = (
			);
			productName = QDS;
			productReference = E627153DB20DADCCF2DE6F66 /* QDS.framework */;
			productType = "com.apple.product-type.framework";
		};
		D38DA9A2A3A97AB011B8BC7F /* QDS_QDS */ = {
			isa = PBXNativeTarget;
			buildConfigurationList = 655D1801F0179E1D59291DD2 /* Build configuration list for PBXNativeTarget "QDS_QDS" */;
			buildPhases = (
				FE8B4B475545B69BC0E7C0B4 /* Resources */,
				8E92E76795E51814C602BF9B /* Frameworks */,
				6947A9C24F1C2ED047435724 /* Embed Frameworks */,
			);
			buildRules = (
			);
			dependencies = (
			);
			name = QDS_QDS;
			packageProductDependencies = (
			);
			productName = QDS_QDS;
			productReference = 2839D135338B49ECEB989805 /* QDS_QDS.bundle */;
			productType = "com.apple.product-type.bundle";
		};
/* End PBXNativeTarget section */

/* Begin PBXProject section */
		5DC772A31FDC5710588774EB /* Project object */ = {
			isa = PBXProject;
			attributes = {
				BuildIndependentTargetsInParallel = YES;
			};
			buildConfigurationList = 4AC4AD45405A5A6BE37B204D /* Build configuration list for PBXProject "QDS" */;
			compatibilityVersion = "Xcode 14.0";
			developmentRegion = en;
			hasScannedForEncodings = 0;
			knownRegions = (
				Base,
				en,
			);
			mainGroup = EEA0422FB443A90E35A78E14;
			productRefGroup = 4C541A10C6118CCC36F5FADE /* Products */;
			projectDirPath = "";
			projectRoot = "";
			targets = (
				9EF877D0EEDC8E1528AED1CC /* QDS */,
				D38DA9A2A3A97AB011B8BC7F /* QDS_QDS */,
			);
		};
/* End PBXProject section */

/* Begin PBXResourcesBuildPhase section */
		B38DC8A3929A5EE7A42BDE06 /* Resources */ = {
			isa = PBXResourcesBuildPhase;
			buildActionMask = 2147483647;
			files = (
			);
			runOnlyForDeploymentPostprocessing = 0;
		};
		FE8B4B475545B69BC0E7C0B4 /* Resources */ = {
			isa = PBXResourcesBuildPhase;
			buildActionMask = 2147483647;
			files = (
				E6B7254C4C05CA4A809A44CD /* Pretendard.xcassets in Resources */,
				4522AFE00F293B256F73F8B7 /* Image.xcassets in Resources */,
			);
			runOnlyForDeploymentPostprocessing = 0;
		};
/* End PBXResourcesBuildPhase section */

/* Begin PBXSourcesBuildPhase section */
		1B38091C4D1201BE32313B23 /* Sources */ = {
			isa = PBXSourcesBuildPhase;
			buildActionMask = 2147483647;
			files = (
				0ED30E09FEA2395EC9AE0002 /* TuistBundle+QDS.swift in Sources */,
				889C0A4A686D49240F54656B /* ChevronButton.swift in Sources */,
				776C9E4AFCB629A781629E40 /* QvickButton.swift in Sources */,
				BF5412E8C6E9441E36CECFC3 /* QvickTabItem.swift in Sources */,
				EAB01E7EB755187CA89EF4C9 /* QvickTabView.swift in Sources */,
				85B69A2FA528E5D7757C4AB0 /* QvickTextField.swift in Sources */,
				9E0B3728B2EFBA0C877D67FA /* Color+Ext.swift in Sources */,
				773C8B573B70EA270E3129B5 /* Pallete.swift in Sources */,
				35CEA06DFD147712FB52615C /* Semantic.swift in Sources */,
				4DEC2D14B00D0DD4D2A4BAF1 /* Image+Ext.swift in Sources */,
				AF678C74B41719144A6EAE74 /* QvickImage.swift in Sources */,
				30526F292CE7C5A3B6270258 /* Font+Ext.swift in Sources */,
				CD54F0B5F722A3EE9CA07C26 /* Pretendard+Ext.swift in Sources */,
				74AE8892BCEEFFB1600EDB63 /* Pretendard.swift in Sources */,
				872CD27824E15B914479CBCF /* QvickFont+Ext.swift in Sources */,
				C5A5E7EA75880516623311DB /* QvickTextStyle+Ext.swift in Sources */,
				B2EF5A534C1806C64595A31A /* QvickTextStyle.swift in Sources */,
			);
			runOnlyForDeploymentPostprocessing = 0;
		};
/* End PBXSourcesBuildPhase section */

/* Begin PBXTargetDependency section */
		64C2EE68321060A3BB793A76 /* PBXTargetDependency */ = {
			isa = PBXTargetDependency;
			name = QDS_QDS;
			target = D38DA9A2A3A97AB011B8BC7F /* QDS_QDS */;
			targetProxy = C317F060533A073A4BC822A7 /* PBXContainerItemProxy */;
		};
/* End PBXTargetDependency section */

/* Begin XCBuildConfiguration section */
		203E7817CEA9E41C34EA9E05 /* Release */ = {
			isa = XCBuildConfiguration;
			buildSettings = {
				"CODE_SIGN_IDENTITY[sdk=macosx*]" = "-";
				CURRENT_PROJECT_VERSION = 1;
				DEFINES_MODULE = YES;
				DERIVE_MACCATALYST_PRODUCT_BUNDLE_IDENTIFIER = YES;
				DYLIB_COMPATIBILITY_VERSION = 1;
				DYLIB_CURRENT_VERSION = 1;
				DYLIB_INSTALL_NAME_BASE = "@rpath";
				INFOPLIST_FILE = "Derived/InfoPlists/QDS-Info.plist";
				INSTALL_PATH = "$(LOCAL_LIBRARY_DIR)/Frameworks";
				IPHONEOS_DEPLOYMENT_TARGET = 15.0;
				LD_RUNPATH_SEARCH_PATHS = (
					"$(inherited)",
					"@executable_path/Frameworks",
					"@loader_path/Frameworks",
				);
				"LD_RUNPATH_SEARCH_PATHS[sdk=macosx*]" = (
					"$(inherited)",
					"@executable_path/../Frameworks",
					"@loader_path/../Frameworks",
				);
				MACH_O_TYPE = staticlib;
				MACOSX_DEPLOYMENT_TARGET = 12.0;
				OTHER_SWIFT_FLAGS = "$(inherited)";
				PRODUCT_BUNDLE_IDENTIFIER = QDS;
				PRODUCT_NAME = QDS;
				SDKROOT = auto;
				SKIP_INSTALL = YES;
				SUPPORTED_PLATFORMS = "appletvos appletvsimulator iphoneos iphonesimulator macosx watchos watchsimulator xros xrsimulator";
				SUPPORTS_MACCATALYST = YES;
				SUPPORTS_MAC_DESIGNED_FOR_IPHONE_IPAD = YES;
				SUPPORTS_XR_DESIGNED_FOR_IPHONE_IPAD = YES;
				SWIFT_COMPILATION_MODE = wholemodule;
				SWIFT_OPTIMIZATION_LEVEL = "-Owholemodule";
				SWIFT_VERSION = 5.0;
				TARGETED_DEVICE_FAMILY = "1,2,3,4,6,7";
				TVOS_DEPLOYMENT_TARGET = 12.0;
				VERSIONING_SYSTEM = "apple-generic";
				VERSION_INFO_PREFIX = "";
				WATCHOS_DEPLOYMENT_TARGET = 4.0;
				XROS_DEPLOYMENT_TARGET = 1.0;
			};
			name = Release;
		};
		47421DEA99DC68BBC6B5EFC3 /* Debug */ = {
			isa = XCBuildConfiguration;
			buildSettings = {
				ALWAYS_SEARCH_USER_PATHS = YES;
				CLANG_ANALYZER_LOCALIZABILITY_NONLOCALIZED = YES;
				CLANG_ANALYZER_NONNULL = YES;
				CLANG_ANALYZER_NUMBER_OBJECT_CONVERSION = YES_AGGRESSIVE;
				CLANG_CXX_LANGUAGE_STANDARD = "gnu++14";
				CLANG_CXX_LIBRARY = "libc++";
				CLANG_ENABLE_MODULES = YES;
				CLANG_ENABLE_OBJC_ARC = YES;
				CLANG_ENABLE_OBJC_WEAK = NO;
				CLANG_WARN_BLOCK_CAPTURE_AUTORELEASING = YES;
				CLANG_WARN_BOOL_CONVERSION = YES;
				CLANG_WARN_COMMA = YES;
				CLANG_WARN_CONSTANT_CONVERSION = YES;
				CLANG_WARN_DEPRECATED_OBJC_IMPLEMENTATIONS = YES;
				CLANG_WARN_DIRECT_OBJC_ISA_USAGE = YES_ERROR;
				CLANG_WARN_DOCUMENTATION_COMMENTS = YES;
				CLANG_WARN_EMPTY_BODY = YES;
				CLANG_WARN_ENUM_CONVERSION = YES;
				CLANG_WARN_INFINITE_RECURSION = YES;
				CLANG_WARN_INT_CONVERSION = YES;
				CLANG_WARN_NON_LITERAL_NULL_CONVERSION = YES;
				CLANG_WARN_OBJC_IMPLICIT_RETAIN_SELF = YES;
				CLANG_WARN_OBJC_LITERAL_CONVERSION = YES;
				CLANG_WARN_OBJC_ROOT_CLASS = YES_ERROR;
				CLANG_WARN_QUOTED_INCLUDE_IN_FRAMEWORK_HEADER = NO;
				CLANG_WARN_RANGE_LOOP_ANALYSIS = YES;
				CLANG_WARN_STRICT_PROTOTYPES = YES;
				CLANG_WARN_SUSPICIOUS_MOVE = YES;
				CLANG_WARN_UNGUARDED_AVAILABILITY = YES_AGGRESSIVE;
				CLANG_WARN_UNREACHABLE_CODE = YES;
				CLANG_WARN__DUPLICATE_METHOD_MATCH = YES;
				COPY_PHASE_STRIP = NO;
				DEAD_CODE_STRIPPING = YES;
				DEBUG_INFORMATION_FORMAT = dwarf;
				ENABLE_STRICT_OBJC_MSGSEND = NO;
				ENABLE_TESTABILITY = YES;
				FRAMEWORK_SEARCH_PATHS = (
					"$(inherited)",
					"$(PLATFORM_DIR)/Developer/Library/Frameworks",
				);
				GCC_C_LANGUAGE_STANDARD = gnu11;
				GCC_DYNAMIC_NO_PIC = NO;
				GCC_NO_COMMON_BLOCKS = NO;
				GCC_OPTIMIZATION_LEVEL = 0;
				GCC_PREPROCESSOR_DEFINITIONS = (
					"$(inherited)",
					"DEBUG=1",
					"SWIFT_PACKAGE=1",
				);
				GCC_WARN_64_TO_32_BIT_CONVERSION = YES;
				GCC_WARN_ABOUT_RETURN_TYPE = YES_ERROR;
				GCC_WARN_INHIBIT_ALL_WARNINGS = YES;
				GCC_WARN_UNDECLARED_SELECTOR = YES;
				GCC_WARN_UNINITIALIZED_AUTOS = YES_AGGRESSIVE;
				GCC_WARN_UNUSED_FUNCTION = YES;
				GCC_WARN_UNUSED_VARIABLE = YES;
				MTL_ENABLE_DEBUG_INFO = YES;
				ONLY_ACTIVE_ARCH = YES;
				OTHER_SWIFT_FLAGS = (
					"$(inherited)",
					"-package-name",
					QDS,
				);
				PRODUCT_NAME = "$(TARGET_NAME)";
				SWIFT_ACTIVE_COMPILATION_CONDITIONS = (
					"$(inherited)",
					SWIFT_PACKAGE,
				);
				SWIFT_SUPPRESS_WARNINGS = YES;
				USE_HEADERMAP = NO;
			};
			name = Debug;
		};
		9593CC949B935FF4D08EB4F9 /* Debug */ = {
			isa = XCBuildConfiguration;
			buildSettings = {
				"CODE_SIGN_IDENTITY[sdk=macosx*]" = "-";
				CURRENT_PROJECT_VERSION = 1;
				DEFINES_MODULE = YES;
				DERIVE_MACCATALYST_PRODUCT_BUNDLE_IDENTIFIER = YES;
				DYLIB_COMPATIBILITY_VERSION = 1;
				DYLIB_CURRENT_VERSION = 1;
				DYLIB_INSTALL_NAME_BASE = "@rpath";
				INFOPLIST_FILE = "Derived/InfoPlists/QDS-Info.plist";
				INSTALL_PATH = "$(LOCAL_LIBRARY_DIR)/Frameworks";
				IPHONEOS_DEPLOYMENT_TARGET = 15.0;
				LD_RUNPATH_SEARCH_PATHS = (
					"$(inherited)",
					"@executable_path/Frameworks",
					"@loader_path/Frameworks",
				);
				"LD_RUNPATH_SEARCH_PATHS[sdk=macosx*]" = (
					"$(inherited)",
					"@executable_path/../Frameworks",
					"@loader_path/../Frameworks",
				);
				MACH_O_TYPE = staticlib;
				MACOSX_DEPLOYMENT_TARGET = 12.0;
				OTHER_SWIFT_FLAGS = "$(inherited)";
				PRODUCT_BUNDLE_IDENTIFIER = QDS;
				PRODUCT_NAME = QDS;
				SDKROOT = auto;
				SKIP_INSTALL = YES;
				SUPPORTED_PLATFORMS = "appletvos appletvsimulator iphoneos iphonesimulator macosx watchos watchsimulator xros xrsimulator";
				SUPPORTS_MACCATALYST = YES;
				SUPPORTS_MAC_DESIGNED_FOR_IPHONE_IPAD = YES;
				SUPPORTS_XR_DESIGNED_FOR_IPHONE_IPAD = YES;
				SWIFT_ACTIVE_COMPILATION_CONDITIONS = (
					"$(inherited)",
					DEBUG,
				);
				SWIFT_COMPILATION_MODE = singlefile;
				SWIFT_OPTIMIZATION_LEVEL = "-Onone";
				SWIFT_VERSION = 5.0;
				TARGETED_DEVICE_FAMILY = "1,2,3,4,6,7";
				TVOS_DEPLOYMENT_TARGET = 12.0;
				VERSIONING_SYSTEM = "apple-generic";
				VERSION_INFO_PREFIX = "";
				WATCHOS_DEPLOYMENT_TARGET = 4.0;
				XROS_DEPLOYMENT_TARGET = 1.0;
			};
			name = Debug;
		};
		A4340F532CB850629E01D788 /* Debug */ = {
			isa = XCBuildConfiguration;
			buildSettings = {
				CODE_SIGNING_ALLOWED = NO;
				"CODE_SIGN_IDENTITY[sdk=macosx*]" = "-";
				DERIVE_MACCATALYST_PRODUCT_BUNDLE_IDENTIFIER = YES;
				GENERATE_MASTER_OBJECT_FILE = NO;
				INFOPLIST_FILE = "Derived/InfoPlists/QDS_QDS-Info.plist";
				IPHONEOS_DEPLOYMENT_TARGET = 15.0;
				MACOSX_DEPLOYMENT_TARGET = 12.0;
				PRODUCT_BUNDLE_IDENTIFIER = QDS.resources;
				PRODUCT_NAME = QDS_QDS;
				SDKROOT = auto;
				SKIP_INSTALL = YES;
				SUPPORTED_PLATFORMS = "appletvos appletvsimulator iphoneos iphonesimulator macosx watchos watchsimulator xros xrsimulator";
				SUPPORTS_MACCATALYST = YES;
				SUPPORTS_MAC_DESIGNED_FOR_IPHONE_IPAD = YES;
				SUPPORTS_XR_DESIGNED_FOR_IPHONE_IPAD = YES;
				SWIFT_ACTIVE_COMPILATION_CONDITIONS = (
					"$(inherited)",
					DEBUG,
				);
				SWIFT_COMPILATION_MODE = singlefile;
				SWIFT_OPTIMIZATION_LEVEL = "-Onone";
				SWIFT_VERSION = 5.0;
				TARGETED_DEVICE_FAMILY = "1,2,3,4,6,7";
				TVOS_DEPLOYMENT_TARGET = 12.0;
				WATCHOS_DEPLOYMENT_TARGET = 4.0;
				XROS_DEPLOYMENT_TARGET = 1.0;
			};
			name = Debug;
		};
		C927E73C464E366E13714396 /* Release */ = {
			isa = XCBuildConfiguration;
			buildSettings = {
				CODE_SIGNING_ALLOWED = NO;
				"CODE_SIGN_IDENTITY[sdk=macosx*]" = "-";
				DERIVE_MACCATALYST_PRODUCT_BUNDLE_IDENTIFIER = YES;
				GENERATE_MASTER_OBJECT_FILE = NO;
				INFOPLIST_FILE = "Derived/InfoPlists/QDS_QDS-Info.plist";
				IPHONEOS_DEPLOYMENT_TARGET = 15.0;
				MACOSX_DEPLOYMENT_TARGET = 12.0;
				PRODUCT_BUNDLE_IDENTIFIER = QDS.resources;
				PRODUCT_NAME = QDS_QDS;
				SDKROOT = auto;
				SKIP_INSTALL = YES;
				SUPPORTED_PLATFORMS = "appletvos appletvsimulator iphoneos iphonesimulator macosx watchos watchsimulator xros xrsimulator";
				SUPPORTS_MACCATALYST = YES;
				SUPPORTS_MAC_DESIGNED_FOR_IPHONE_IPAD = YES;
				SUPPORTS_XR_DESIGNED_FOR_IPHONE_IPAD = YES;
				SWIFT_COMPILATION_MODE = wholemodule;
				SWIFT_OPTIMIZATION_LEVEL = "-Owholemodule";
				SWIFT_VERSION = 5.0;
				TARGETED_DEVICE_FAMILY = "1,2,3,4,6,7";
				TVOS_DEPLOYMENT_TARGET = 12.0;
				WATCHOS_DEPLOYMENT_TARGET = 4.0;
				XROS_DEPLOYMENT_TARGET = 1.0;
			};
			name = Release;
		};
		D4F566C8E4F01D69D45C2BF5 /* Release */ = {
			isa = XCBuildConfiguration;
			buildSettings = {
				ALWAYS_SEARCH_USER_PATHS = YES;
				CLANG_ANALYZER_LOCALIZABILITY_NONLOCALIZED = YES;
				CLANG_ANALYZER_NONNULL = YES;
				CLANG_ANALYZER_NUMBER_OBJECT_CONVERSION = YES_AGGRESSIVE;
				CLANG_CXX_LANGUAGE_STANDARD = "gnu++14";
				CLANG_CXX_LIBRARY = "libc++";
				CLANG_ENABLE_MODULES = YES;
				CLANG_ENABLE_OBJC_ARC = YES;
				CLANG_ENABLE_OBJC_WEAK = NO;
				CLANG_WARN_BLOCK_CAPTURE_AUTORELEASING = YES;
				CLANG_WARN_BOOL_CONVERSION = YES;
				CLANG_WARN_COMMA = YES;
				CLANG_WARN_CONSTANT_CONVERSION = YES;
				CLANG_WARN_DEPRECATED_OBJC_IMPLEMENTATIONS = YES;
				CLANG_WARN_DIRECT_OBJC_ISA_USAGE = YES_ERROR;
				CLANG_WARN_DOCUMENTATION_COMMENTS = YES;
				CLANG_WARN_EMPTY_BODY = YES;
				CLANG_WARN_ENUM_CONVERSION = YES;
				CLANG_WARN_INFINITE_RECURSION = YES;
				CLANG_WARN_INT_CONVERSION = YES;
				CLANG_WARN_NON_LITERAL_NULL_CONVERSION = YES;
				CLANG_WARN_OBJC_IMPLICIT_RETAIN_SELF = YES;
				CLANG_WARN_OBJC_LITERAL_CONVERSION = YES;
				CLANG_WARN_OBJC_ROOT_CLASS = YES_ERROR;
				CLANG_WARN_QUOTED_INCLUDE_IN_FRAMEWORK_HEADER = NO;
				CLANG_WARN_RANGE_LOOP_ANALYSIS = YES;
				CLANG_WARN_STRICT_PROTOTYPES = YES;
				CLANG_WARN_SUSPICIOUS_MOVE = YES;
				CLANG_WARN_UNGUARDED_AVAILABILITY = YES_AGGRESSIVE;
				CLANG_WARN_UNREACHABLE_CODE = YES;
				CLANG_WARN__DUPLICATE_METHOD_MATCH = YES;
				COPY_PHASE_STRIP = NO;
				DEAD_CODE_STRIPPING = YES;
				DEBUG_INFORMATION_FORMAT = "dwarf-with-dsym";
				ENABLE_NS_ASSERTIONS = NO;
				ENABLE_STRICT_OBJC_MSGSEND = NO;
				FRAMEWORK_SEARCH_PATHS = (
					"$(inherited)",
					"$(PLATFORM_DIR)/Developer/Library/Frameworks",
				);
				GCC_C_LANGUAGE_STANDARD = gnu11;
				GCC_NO_COMMON_BLOCKS = NO;
				GCC_PREPROCESSOR_DEFINITIONS = (
					"$(inherited)",
					"SWIFT_PACKAGE=1",
				);
				GCC_WARN_64_TO_32_BIT_CONVERSION = YES;
				GCC_WARN_ABOUT_RETURN_TYPE = YES_ERROR;
				GCC_WARN_INHIBIT_ALL_WARNINGS = YES;
				GCC_WARN_UNDECLARED_SELECTOR = YES;
				GCC_WARN_UNINITIALIZED_AUTOS = YES_AGGRESSIVE;
				GCC_WARN_UNUSED_FUNCTION = YES;
				GCC_WARN_UNUSED_VARIABLE = YES;
				MTL_ENABLE_DEBUG_INFO = NO;
				OTHER_SWIFT_FLAGS = (
					"$(inherited)",
					"-package-name",
					QDS,
				);
				PRODUCT_NAME = "$(TARGET_NAME)";
				SWIFT_ACTIVE_COMPILATION_CONDITIONS = (
					"$(inherited)",
					SWIFT_PACKAGE,
				);
				SWIFT_SUPPRESS_WARNINGS = YES;
				USE_HEADERMAP = NO;
				VALIDATE_PRODUCT = YES;
			};
			name = Release;
		};
/* End XCBuildConfiguration section */

/* Begin XCConfigurationList section */
		0F49D699FB193518EC934254 /* Build configuration list for PBXNativeTarget "QDS" */ = {
			isa = XCConfigurationList;
			buildConfigurations = (
				9593CC949B935FF4D08EB4F9 /* Debug */,
				203E7817CEA9E41C34EA9E05 /* Release */,
			);
			defaultConfigurationIsVisible = 0;
			defaultConfigurationName = Release;
		};
		4AC4AD45405A5A6BE37B204D /* Build configuration list for PBXProject "QDS" */ = {
			isa = XCConfigurationList;
			buildConfigurations = (
				47421DEA99DC68BBC6B5EFC3 /* Debug */,
				D4F566C8E4F01D69D45C2BF5 /* Release */,
			);
			defaultConfigurationIsVisible = 0;
			defaultConfigurationName = Release;
		};
		655D1801F0179E1D59291DD2 /* Build configuration list for PBXNativeTarget "QDS_QDS" */ = {
			isa = XCConfigurationList;
			buildConfigurations = (
				A4340F532CB850629E01D788 /* Debug */,
				C927E73C464E366E13714396 /* Release */,
			);
			defaultConfigurationIsVisible = 0;
			defaultConfigurationName = Release;
		};
/* End XCConfigurationList section */
	};
	rootObject = 5DC772A31FDC5710588774EB /* Project object */;
}
